
Microsoft Visual Studio Solution File, Format Version 10.00
# Visual Studio 2008
Project("{B900F1C2-3D47-4FEC-85B3-04AAF18C3634}") = "Aramis WMS", "Aramis WMS\Aramis WMS.vddproj", "{E536BF3E-041A-412F-A7CF-E4EA30F09D23}"
EndProject
Global
	GlobalSection(SolutionConfigurationPlatforms) = preSolution
		Debug|Default = Debug|Default
		Release|Default = Release|Default
	EndGlobalSection
	GlobalSection(ProjectConfigurationPlatforms) = postSolution
		{E536BF3E-041A-412F-A7CF-E4EA30F09D23}.Debug|Default.ActiveCfg = Debug
		{E536BF3E-041A-412F-A7CF-E4EA30F09D23}.Debug|Default.Build.0 = Debug
		{E536BF3E-041A-412F-A7CF-E4EA30F09D23}.Release|Default.ActiveCfg = Release
		{E536BF3E-041A-412F-A7CF-E4EA30F09D23}.Release|Default.Build.0 = Release
	EndGlobalSection
	GlobalSection(SolutionProperties) = preSolution
		HideSolutionNode = FALSE
	EndGlobalSection
EndGlobal
